// !$*UTF8*$!
{
	archiveVersion = 1;
	classes = {
	};
	objectVersion = 46;
	objects = {

/* Begin PBXBuildFile section */
		814F7FB72028348400FB6AD3 /* AppWatcher.swift in Sources */ = {isa = PBXBuildFile; fileRef = 814F7FB62028348400FB6AD3 /* AppWatcher.swift */; };
		81D1C436202ADB4F00959EE0 /* String+split.swift in Sources */ = {isa = PBXBuildFile; fileRef = 81D1C435202ADB4F00959EE0 /* String+split.swift */; };
		81D1C448202C0B3D00959EE0 /* SwiftOSC.framework in CopyFiles */ = {isa = PBXBuildFile; fileRef = 81FD6D7820183D1B006CF79B /* SwiftOSC.framework */; settings = {ATTRIBUTES = (CodeSignOnCopy, RemoveHeadersOnCopy, ); }; };
		81D1C4DD202D5FD100959EE0 /* StatementEditor.swift in Sources */ = {isa = PBXBuildFile; fileRef = 81D1C4DC202D5FD100959EE0 /* StatementEditor.swift */; };
		81D1C4E7203A7DEB00959EE0 /* JsonConvertible.swift in Sources */ = {isa = PBXBuildFile; fileRef = 81D1C4E6203A7DEB00959EE0 /* JsonConvertible.swift */; };
		81D590161FF37B7F008B4326 /* AppDelegate.swift in Sources */ = {isa = PBXBuildFile; fileRef = 81D590151FF37B7F008B4326 /* AppDelegate.swift */; };
		81D590181FF37B7F008B4326 /* ViewController.swift in Sources */ = {isa = PBXBuildFile; fileRef = 81D590171FF37B7F008B4326 /* ViewController.swift */; };
		81D5901A1FF37B7F008B4326 /* Assets.xcassets in Resources */ = {isa = PBXBuildFile; fileRef = 81D590191FF37B7F008B4326 /* Assets.xcassets */; };
		81D5901D1FF37B7F008B4326 /* Main.storyboard in Resources */ = {isa = PBXBuildFile; fileRef = 81D5901B1FF37B7F008B4326 /* Main.storyboard */; };
		81E3EAA41FFAA224005039E3 /* Statement.swift in Sources */ = {isa = PBXBuildFile; fileRef = 81E3EAA31FFAA224005039E3 /* Statement.swift */; };
		81E3EAAA1FFB1C78005039E3 /* AppOperator.swift in Sources */ = {isa = PBXBuildFile; fileRef = 81E3EAA81FFB1C78005039E3 /* AppOperator.swift */; };
		81E3EAAB1FFB1C78005039E3 /* Operator.swift in Sources */ = {isa = PBXBuildFile; fileRef = 81E3EAA91FFB1C78005039E3 /* Operator.swift */; };
		81E3EAAD1FFB1CC6005039E3 /* ShellScriptOperator.swift in Sources */ = {isa = PBXBuildFile; fileRef = 81E3EAAC1FFB1CC6005039E3 /* ShellScriptOperator.swift */; };
		81E3EAAF1FFB1CD2005039E3 /* FileOperator.swift in Sources */ = {isa = PBXBuildFile; fileRef = 81E3EAAE1FFB1CD2005039E3 /* FileOperator.swift */; };
		81FD6D6020181AD6006CF79B /* Trigger.swift in Sources */ = {isa = PBXBuildFile; fileRef = 81FD6D5F20181AD6006CF79B /* Trigger.swift */; };
		81FD6D6220181AED006CF79B /* IntervalTrigger.swift in Sources */ = {isa = PBXBuildFile; fileRef = 81FD6D6120181AED006CF79B /* IntervalTrigger.swift */; };
		81FD6D6620181D6A006CF79B /* OSCTrigger.swift in Sources */ = {isa = PBXBuildFile; fileRef = 81FD6D6520181D6A006CF79B /* OSCTrigger.swift */; };
		81FD6D68201837CF006CF79B /* StringOperator.swift in Sources */ = {isa = PBXBuildFile; fileRef = 81FD6D67201837CE006CF79B /* StringOperator.swift */; };
		81FD6D7B20183D61006CF79B /* SwiftOSC.framework in Frameworks */ = {isa = PBXBuildFile; fileRef = 81FD6D7820183D1B006CF79B /* SwiftOSC.framework */; };
		81FD6D7D2018417A006CF79B /* OSCMessageOperator.swift in Sources */ = {isa = PBXBuildFile; fileRef = 81FD6D7C2018417A006CF79B /* OSCMessageOperator.swift */; };
		81FD6D7F201848C0006CF79B /* ArrayOperator.swift in Sources */ = {isa = PBXBuildFile; fileRef = 81FD6D7E201848C0006CF79B /* ArrayOperator.swift */; };
		81FD6D8220186C72006CF79B /* OSCDispatcher.swift in Sources */ = {isa = PBXBuildFile; fileRef = 81FD6D8120186C72006CF79B /* OSCDispatcher.swift */; };
		BCA3C7FB7410B3DBB7019DF1 /* Pods_Koboshi.framework in Frameworks */ = {isa = PBXBuildFile; fileRef = 20FEC577EDF0E78ED55DD941 /* Pods_Koboshi.framework */; };
/* End PBXBuildFile section */

/* Begin PBXContainerItemProxy section */
		81FD6D7720183D1B006CF79B /* PBXContainerItemProxy */ = {
			isa = PBXContainerItemProxy;
			containerPortal = 81FD6D7220183D1B006CF79B /* SwiftOSC.xcodeproj */;
			proxyType = 2;
			remoteGlobalIDString = 0339A3541D37FCEB0060ED91;
			remoteInfo = SwiftOSC;
		};
		81FD6D7920183D1B006CF79B /* PBXContainerItemProxy */ = {
			isa = PBXContainerItemProxy;
			containerPortal = 81FD6D7220183D1B006CF79B /* SwiftOSC.xcodeproj */;
			proxyType = 2;
			remoteGlobalIDString = 03AEB7B31D38280700F97DB1;
			remoteInfo = SwiftOSCTests;
		};
/* End PBXContainerItemProxy section */

/* Begin PBXCopyFilesBuildPhase section */
		81D1C445202C077F00959EE0 /* CopyFiles */ = {
			isa = PBXCopyFilesBuildPhase;
			buildActionMask = 2147483647;
			dstPath = "";
			dstSubfolderSpec = 10;
			files = (
				81D1C448202C0B3D00959EE0 /* SwiftOSC.framework in CopyFiles */,
			);
			runOnlyForDeploymentPostprocessing = 0;
		};
/* End PBXCopyFilesBuildPhase section */

/* Begin PBXFileReference section */
		17104F9CDACC2AEB30A30A89 /* Pods-Koboshi.debug.xcconfig */ = {isa = PBXFileReference; includeInIndex = 1; lastKnownFileType = text.xcconfig; name = "Pods-Koboshi.debug.xcconfig"; path = "Pods/Target Support Files/Pods-Koboshi/Pods-Koboshi.debug.xcconfig"; sourceTree = "<group>"; };
		20FEC577EDF0E78ED55DD941 /* Pods_Koboshi.framework */ = {isa = PBXFileReference; explicitFileType = wrapper.framework; includeInIndex = 0; path = Pods_Koboshi.framework; sourceTree = BUILT_PRODUCTS_DIR; };
		814F7FB62028348400FB6AD3 /* AppWatcher.swift */ = {isa = PBXFileReference; fileEncoding = 4; lastKnownFileType = sourcecode.swift; path = AppWatcher.swift; sourceTree = "<group>"; };
		81D1C435202ADB4F00959EE0 /* String+split.swift */ = {isa = PBXFileReference; fileEncoding = 4; lastKnownFileType = sourcecode.swift; name = "String+split.swift"; path = "Koboshi/utils/String+split.swift"; sourceTree = SOURCE_ROOT; };
		81D1C4DC202D5FD100959EE0 /* StatementEditor.swift */ = {isa = PBXFileReference; fileEncoding = 4; lastKnownFileType = sourcecode.swift; path = StatementEditor.swift; sourceTree = "<group>"; };
		81D1C4E6203A7DEB00959EE0 /* JsonConvertible.swift */ = {isa = PBXFileReference; fileEncoding = 4; lastKnownFileType = sourcecode.swift; path = JsonConvertible.swift; sourceTree = "<group>"; };
		81D590121FF37B7F008B4326 /* Koboshi.app */ = {isa = PBXFileReference; explicitFileType = wrapper.application; includeInIndex = 0; path = Koboshi.app; sourceTree = BUILT_PRODUCTS_DIR; };
		81D590151FF37B7F008B4326 /* AppDelegate.swift */ = {isa = PBXFileReference; lastKnownFileType = sourcecode.swift; path = AppDelegate.swift; sourceTree = "<group>"; };
		81D590171FF37B7F008B4326 /* ViewController.swift */ = {isa = PBXFileReference; lastKnownFileType = sourcecode.swift; path = ViewController.swift; sourceTree = "<group>"; };
		81D590191FF37B7F008B4326 /* Assets.xcassets */ = {isa = PBXFileReference; lastKnownFileType = folder.assetcatalog; path = Assets.xcassets; sourceTree = "<group>"; };
		81D5901C1FF37B7F008B4326 /* Base */ = {isa = PBXFileReference; lastKnownFileType = file.storyboard; name = Base; path = Base.lproj/Main.storyboard; sourceTree = "<group>"; };
		81D5901E1FF37B7F008B4326 /* Info.plist */ = {isa = PBXFileReference; lastKnownFileType = text.plist.xml; path = Info.plist; sourceTree = "<group>"; };
		81E3EAA31FFAA224005039E3 /* Statement.swift */ = {isa = PBXFileReference; fileEncoding = 4; lastKnownFileType = sourcecode.swift; path = Statement.swift; sourceTree = "<group>"; };
		81E3EAA81FFB1C78005039E3 /* AppOperator.swift */ = {isa = PBXFileReference; fileEncoding = 4; lastKnownFileType = sourcecode.swift; path = AppOperator.swift; sourceTree = "<group>"; };
		81E3EAA91FFB1C78005039E3 /* Operator.swift */ = {isa = PBXFileReference; fileEncoding = 4; lastKnownFileType = sourcecode.swift; path = Operator.swift; sourceTree = "<group>"; };
		81E3EAAC1FFB1CC6005039E3 /* ShellScriptOperator.swift */ = {isa = PBXFileReference; fileEncoding = 4; lastKnownFileType = sourcecode.swift; path = ShellScriptOperator.swift; sourceTree = "<group>"; };
		81E3EAAE1FFB1CD2005039E3 /* FileOperator.swift */ = {isa = PBXFileReference; fileEncoding = 4; lastKnownFileType = sourcecode.swift; path = FileOperator.swift; sourceTree = "<group>"; };
		81FD6D5F20181AD6006CF79B /* Trigger.swift */ = {isa = PBXFileReference; fileEncoding = 4; lastKnownFileType = sourcecode.swift; path = Trigger.swift; sourceTree = "<group>"; };
		81FD6D6120181AED006CF79B /* IntervalTrigger.swift */ = {isa = PBXFileReference; fileEncoding = 4; lastKnownFileType = sourcecode.swift; path = IntervalTrigger.swift; sourceTree = "<group>"; };
		81FD6D6520181D6A006CF79B /* OSCTrigger.swift */ = {isa = PBXFileReference; fileEncoding = 4; lastKnownFileType = sourcecode.swift; path = OSCTrigger.swift; sourceTree = "<group>"; };
		81FD6D67201837CE006CF79B /* StringOperator.swift */ = {isa = PBXFileReference; fileEncoding = 4; lastKnownFileType = sourcecode.swift; path = StringOperator.swift; sourceTree = "<group>"; };
		81FD6D7220183D1B006CF79B /* SwiftOSC.xcodeproj */ = {isa = PBXFileReference; lastKnownFileType = "wrapper.pb-project"; name = SwiftOSC.xcodeproj; path = SwiftOSC/SwiftOSC.xcodeproj; sourceTree = "<group>"; };
		81FD6D7C2018417A006CF79B /* OSCMessageOperator.swift */ = {isa = PBXFileReference; fileEncoding = 4; lastKnownFileType = sourcecode.swift; path = OSCMessageOperator.swift; sourceTree = "<group>"; };
		81FD6D7E201848C0006CF79B /* ArrayOperator.swift */ = {isa = PBXFileReference; fileEncoding = 4; lastKnownFileType = sourcecode.swift; path = ArrayOperator.swift; sourceTree = "<group>"; };
		81FD6D8120186C72006CF79B /* OSCDispatcher.swift */ = {isa = PBXFileReference; fileEncoding = 4; lastKnownFileType = sourcecode.swift; path = OSCDispatcher.swift; sourceTree = "<group>"; };
		B77CE25552A444E47D7C8099 /* Pods-Koboshi.release.xcconfig */ = {isa = PBXFileReference; includeInIndex = 1; lastKnownFileType = text.xcconfig; name = "Pods-Koboshi.release.xcconfig"; path = "Pods/Target Support Files/Pods-Koboshi/Pods-Koboshi.release.xcconfig"; sourceTree = "<group>"; };
/* End PBXFileReference section */

/* Begin PBXFrameworksBuildPhase section */
		81D5900F1FF37B7F008B4326 /* Frameworks */ = {
			isa = PBXFrameworksBuildPhase;
			buildActionMask = 2147483647;
			files = (
				81FD6D7B20183D61006CF79B /* SwiftOSC.framework in Frameworks */,
				BCA3C7FB7410B3DBB7019DF1 /* Pods_Koboshi.framework in Frameworks */,
			);
			runOnlyForDeploymentPostprocessing = 0;
		};
/* End PBXFrameworksBuildPhase section */

/* Begin PBXGroup section */
		194AF4F035121A8988CCDF7C /* Frameworks */ = {
			isa = PBXGroup;
			children = (
				20FEC577EDF0E78ED55DD941 /* Pods_Koboshi.framework */,
			);
			name = Frameworks;
			sourceTree = "<group>";
		};
		725CF3D5C4059C7D3A8CF6E7 /* Pods */ = {
			isa = PBXGroup;
			children = (
				17104F9CDACC2AEB30A30A89 /* Pods-Koboshi.debug.xcconfig */,
				B77CE25552A444E47D7C8099 /* Pods-Koboshi.release.xcconfig */,
			);
			name = Pods;
			sourceTree = "<group>";
		};
		814F7FB32028347A00FB6AD3 /* convenients */ = {
			isa = PBXGroup;
			children = (
				814F7FB62028348400FB6AD3 /* AppWatcher.swift */,
			);
			path = convenients;
			sourceTree = "<group>";
		};
		81D590091FF37B7F008B4326 = {
			isa = PBXGroup;
			children = (
				81FD6D7220183D1B006CF79B /* SwiftOSC.xcodeproj */,
				81D590141FF37B7F008B4326 /* Koboshi */,
				81D590131FF37B7F008B4326 /* Products */,
				725CF3D5C4059C7D3A8CF6E7 /* Pods */,
				194AF4F035121A8988CCDF7C /* Frameworks */,
			);
			sourceTree = "<group>";
		};
		81D590131FF37B7F008B4326 /* Products */ = {
			isa = PBXGroup;
			children = (
				81D590121FF37B7F008B4326 /* Koboshi.app */,
			);
			name = Products;
			sourceTree = "<group>";
		};
		81D590141FF37B7F008B4326 /* Koboshi */ = {
			isa = PBXGroup;
			children = (
				814F7FB32028347A00FB6AD3 /* convenients */,
				81FD6D8020186C65006CF79B /* utils */,
				81FD6D5E20181AD6006CF79B /* triggers */,
				81E3EAA71FFB1C78005039E3 /* operators */,
				81D590151FF37B7F008B4326 /* AppDelegate.swift */,
				81D590171FF37B7F008B4326 /* ViewController.swift */,
				81D590191FF37B7F008B4326 /* Assets.xcassets */,
				81D5901B1FF37B7F008B4326 /* Main.storyboard */,
				81D5901E1FF37B7F008B4326 /* Info.plist */,
				81E3EAA31FFAA224005039E3 /* Statement.swift */,
				81D1C4DC202D5FD100959EE0 /* StatementEditor.swift */,
			);
			path = Koboshi;
			sourceTree = "<group>";
		};
		81E3EAA71FFB1C78005039E3 /* operators */ = {
			isa = PBXGroup;
			children = (
				81E3EAA81FFB1C78005039E3 /* AppOperator.swift */,
				81E3EAA91FFB1C78005039E3 /* Operator.swift */,
				81E3EAAC1FFB1CC6005039E3 /* ShellScriptOperator.swift */,
				81E3EAAE1FFB1CD2005039E3 /* FileOperator.swift */,
				81FD6D67201837CE006CF79B /* StringOperator.swift */,
				81FD6D7C2018417A006CF79B /* OSCMessageOperator.swift */,
				81FD6D7E201848C0006CF79B /* ArrayOperator.swift */,
			);
			path = operators;
			sourceTree = "<group>";
		};
		81FD6D5E20181AD6006CF79B /* triggers */ = {
			isa = PBXGroup;
			children = (
				81FD6D5F20181AD6006CF79B /* Trigger.swift */,
				81FD6D6120181AED006CF79B /* IntervalTrigger.swift */,
				81FD6D6520181D6A006CF79B /* OSCTrigger.swift */,
			);
			path = triggers;
			sourceTree = "<group>";
		};
		81FD6D7320183D1B006CF79B /* Products */ = {
			isa = PBXGroup;
			children = (
				81FD6D7820183D1B006CF79B /* SwiftOSC.framework */,
				81FD6D7A20183D1B006CF79B /* SwiftOSCTests.xctest */,
			);
			name = Products;
			sourceTree = "<group>";
		};
		81FD6D8020186C65006CF79B /* utils */ = {
			isa = PBXGroup;
			children = (
				81D1C435202ADB4F00959EE0 /* String+split.swift */,
				81FD6D8120186C72006CF79B /* OSCDispatcher.swift */,
				81D1C4E6203A7DEB00959EE0 /* JsonConvertible.swift */,
			);
			path = utils;
			sourceTree = "<group>";
		};
/* End PBXGroup section */

/* Begin PBXNativeTarget section */
		81D590111FF37B7F008B4326 /* Koboshi */ = {
			isa = PBXNativeTarget;
			buildConfigurationList = 81D590211FF37B80008B4326 /* Build configuration list for PBXNativeTarget "Koboshi" */;
			buildPhases = (
				83525C6EBBDB61F8CA8DA0DF /* [CP] Check Pods Manifest.lock */,
				81D5900E1FF37B7F008B4326 /* Sources */,
				81D5900F1FF37B7F008B4326 /* Frameworks */,
				81D590101FF37B7F008B4326 /* Resources */,
				63D992295482C05C44DFA0B5 /* [CP] Embed Pods Frameworks */,
				7A8F3EB6115C2BE1E9AF01CC /* [CP] Copy Pods Resources */,
				81D1C445202C077F00959EE0 /* CopyFiles */,
			);
			buildRules = (
			);
			dependencies = (
			);
			name = Koboshi;
			productName = Koboshi;
			productReference = 81D590121FF37B7F008B4326 /* Koboshi.app */;
			productType = "com.apple.product-type.application";
		};
/* End PBXNativeTarget section */

/* Begin PBXProject section */
		81D5900A1FF37B7F008B4326 /* Project object */ = {
			isa = PBXProject;
			attributes = {
				LastSwiftUpdateCheck = 0830;
				LastUpgradeCheck = 0830;
				ORGANIZATIONNAME = annolab;
				TargetAttributes = {
					81D590111FF37B7F008B4326 = {
						CreatedOnToolsVersion = 8.3.3;
						DevelopmentTeam = EUTL4NVSG3;
						ProvisioningStyle = Automatic;
					};
				};
			};
			buildConfigurationList = 81D5900D1FF37B7F008B4326 /* Build configuration list for PBXProject "Koboshi" */;
			compatibilityVersion = "Xcode 3.2";
			developmentRegion = English;
			hasScannedForEncodings = 0;
			knownRegions = (
				en,
				Base,
			);
			mainGroup = 81D590091FF37B7F008B4326;
			productRefGroup = 81D590131FF37B7F008B4326 /* Products */;
			projectDirPath = "";
			projectReferences = (
				{
					ProductGroup = 81FD6D7320183D1B006CF79B /* Products */;
					ProjectRef = 81FD6D7220183D1B006CF79B /* SwiftOSC.xcodeproj */;
				},
			);
			projectRoot = "";
			targets = (
				81D590111FF37B7F008B4326 /* Koboshi */,
			);
		};
/* End PBXProject section */

/* Begin PBXReferenceProxy section */
		81FD6D7820183D1B006CF79B /* SwiftOSC.framework */ = {
			isa = PBXReferenceProxy;
			fileType = wrapper.framework;
			path = SwiftOSC.framework;
			remoteRef = 81FD6D7720183D1B006CF79B /* PBXContainerItemProxy */;
			sourceTree = BUILT_PRODUCTS_DIR;
		};
		81FD6D7A20183D1B006CF79B /* SwiftOSCTests.xctest */ = {
			isa = PBXReferenceProxy;
			fileType = wrapper.cfbundle;
			path = SwiftOSCTests.xctest;
			remoteRef = 81FD6D7920183D1B006CF79B /* PBXContainerItemProxy */;
			sourceTree = BUILT_PRODUCTS_DIR;
		};
/* End PBXReferenceProxy section */

/* Begin PBXResourcesBuildPhase section */
		81D590101FF37B7F008B4326 /* Resources */ = {
			isa = PBXResourcesBuildPhase;
			buildActionMask = 2147483647;
			files = (
				81D5901A1FF37B7F008B4326 /* Assets.xcassets in Resources */,
				81D5901D1FF37B7F008B4326 /* Main.storyboard in Resources */,
			);
			runOnlyForDeploymentPostprocessing = 0;
		};
/* End PBXResourcesBuildPhase section */

/* Begin PBXShellScriptBuildPhase section */
		63D992295482C05C44DFA0B5 /* [CP] Embed Pods Frameworks */ = {
			isa = PBXShellScriptBuildPhase;
			buildActionMask = 2147483647;
			files = (
			);
			inputPaths = (
			);
			name = "[CP] Embed Pods Frameworks";
			outputPaths = (
			);
			runOnlyForDeploymentPostprocessing = 0;
			shellPath = /bin/sh;
			shellScript = "\"${SRCROOT}/Pods/Target Support Files/Pods-Koboshi/Pods-Koboshi-frameworks.sh\"\n";
			showEnvVarsInLog = 0;
		};
		7A8F3EB6115C2BE1E9AF01CC /* [CP] Copy Pods Resources */ = {
			isa = PBXShellScriptBuildPhase;
			buildActionMask = 2147483647;
			files = (
			);
			inputPaths = (
			);
			name = "[CP] Copy Pods Resources";
			outputPaths = (
			);
			runOnlyForDeploymentPostprocessing = 0;
			shellPath = /bin/sh;
			shellScript = "\"${SRCROOT}/Pods/Target Support Files/Pods-Koboshi/Pods-Koboshi-resources.sh\"\n";
			showEnvVarsInLog = 0;
		};
		83525C6EBBDB61F8CA8DA0DF /* [CP] Check Pods Manifest.lock */ = {
			isa = PBXShellScriptBuildPhase;
			buildActionMask = 2147483647;
			files = (
			);
			inputPaths = (
			);
			name = "[CP] Check Pods Manifest.lock";
			outputPaths = (
			);
			runOnlyForDeploymentPostprocessing = 0;
			shellPath = /bin/sh;
			shellScript = "diff \"${PODS_ROOT}/../Podfile.lock\" \"${PODS_ROOT}/Manifest.lock\" > /dev/null\nif [ $? != 0 ] ; then\n    # print error to STDERR\n    echo \"error: The sandbox is not in sync with the Podfile.lock. Run 'pod install' or update your CocoaPods installation.\" >&2\n    exit 1\nfi\n";
			showEnvVarsInLog = 0;
		};
/* End PBXShellScriptBuildPhase section */

/* Begin PBXSourcesBuildPhase section */
		81D5900E1FF37B7F008B4326 /* Sources */ = {
			isa = PBXSourcesBuildPhase;
			buildActionMask = 2147483647;
			files = (
				81FD6D8220186C72006CF79B /* OSCDispatcher.swift in Sources */,
				81FD6D7F201848C0006CF79B /* ArrayOperator.swift in Sources */,
				81FD6D6220181AED006CF79B /* IntervalTrigger.swift in Sources */,
				81D1C4E7203A7DEB00959EE0 /* JsonConvertible.swift in Sources */,
				81FD6D7D2018417A006CF79B /* OSCMessageOperator.swift in Sources */,
				81E3EAAF1FFB1CD2005039E3 /* FileOperator.swift in Sources */,
				814F7FB72028348400FB6AD3 /* AppWatcher.swift in Sources */,
				81E3EAAD1FFB1CC6005039E3 /* ShellScriptOperator.swift in Sources */,
				81D590181FF37B7F008B4326 /* ViewController.swift in Sources */,
				81FD6D6620181D6A006CF79B /* OSCTrigger.swift in Sources */,
				81FD6D68201837CF006CF79B /* StringOperator.swift in Sources */,
				81D590161FF37B7F008B4326 /* AppDelegate.swift in Sources */,
				81D1C436202ADB4F00959EE0 /* String+split.swift in Sources */,
				81FD6D6020181AD6006CF79B /* Trigger.swift in Sources */,
				81E3EAAB1FFB1C78005039E3 /* Operator.swift in Sources */,
				81D1C4DD202D5FD100959EE0 /* StatementEditor.swift in Sources */,
				81E3EAA41FFAA224005039E3 /* Statement.swift in Sources */,
				81E3EAAA1FFB1C78005039E3 /* AppOperator.swift in Sources */,
			);
			runOnlyForDeploymentPostprocessing = 0;
		};
/* End PBXSourcesBuildPhase section */

/* Begin PBXVariantGroup section */
		81D5901B1FF37B7F008B4326 /* Main.storyboard */ = {
			isa = PBXVariantGroup;
			children = (
				81D5901C1FF37B7F008B4326 /* Base */,
			);
			name = Main.storyboard;
			sourceTree = "<group>";
		};
/* End PBXVariantGroup section */

/* Begin XCBuildConfiguration section */
		81D5901F1FF37B80008B4326 /* Debug */ = {
			isa = XCBuildConfiguration;
			buildSettings = {
				ALWAYS_SEARCH_USER_PATHS = NO;
				CLANG_ANALYZER_NONNULL = YES;
				CLANG_ANALYZER_NUMBER_OBJECT_CONVERSION = YES_AGGRESSIVE;
				CLANG_CXX_LANGUAGE_STANDARD = "gnu++0x";
				CLANG_CXX_LIBRARY = "libc++";
				CLANG_ENABLE_MODULES = YES;
				CLANG_ENABLE_OBJC_ARC = YES;
				CLANG_WARN_BOOL_CONVERSION = YES;
				CLANG_WARN_CONSTANT_CONVERSION = YES;
				CLANG_WARN_DIRECT_OBJC_ISA_USAGE = YES_ERROR;
				CLANG_WARN_DOCUMENTATION_COMMENTS = YES;
				CLANG_WARN_EMPTY_BODY = YES;
				CLANG_WARN_ENUM_CONVERSION = YES;
				CLANG_WARN_INFINITE_RECURSION = YES;
				CLANG_WARN_INT_CONVERSION = YES;
				CLANG_WARN_OBJC_ROOT_CLASS = YES_ERROR;
				CLANG_WARN_SUSPICIOUS_MOVE = YES;
				CLANG_WARN_UNREACHABLE_CODE = YES;
				CLANG_WARN__DUPLICATE_METHOD_MATCH = YES;
				CODE_SIGN_IDENTITY = "-";
				COPY_PHASE_STRIP = NO;
				DEBUG_INFORMATION_FORMAT = dwarf;
				ENABLE_STRICT_OBJC_MSGSEND = YES;
				ENABLE_TESTABILITY = YES;
				GCC_C_LANGUAGE_STANDARD = gnu99;
				GCC_DYNAMIC_NO_PIC = NO;
				GCC_NO_COMMON_BLOCKS = YES;
				GCC_OPTIMIZATION_LEVEL = 0;
				GCC_PREPROCESSOR_DEFINITIONS = (
					"DEBUG=1",
					"$(inherited)",
				);
				GCC_WARN_64_TO_32_BIT_CONVERSION = YES;
				GCC_WARN_ABOUT_RETURN_TYPE = YES_ERROR;
				GCC_WARN_UNDECLARED_SELECTOR = YES;
				GCC_WARN_UNINITIALIZED_AUTOS = YES_AGGRESSIVE;
				GCC_WARN_UNUSED_FUNCTION = YES;
				GCC_WARN_UNUSED_VARIABLE = YES;
				MACOSX_DEPLOYMENT_TARGET = 10.12;
				MTL_ENABLE_DEBUG_INFO = YES;
				ONLY_ACTIVE_ARCH = YES;
				SDKROOT = macosx;
				SWIFT_ACTIVE_COMPILATION_CONDITIONS = DEBUG;
				SWIFT_OPTIMIZATION_LEVEL = "-Onone";
			};
			name = Debug;
		};
		81D590201FF37B80008B4326 /* Release */ = {
			isa = XCBuildConfiguration;
			buildSettings = {
				ALWAYS_SEARCH_USER_PATHS = NO;
				CLANG_ANALYZER_NONNULL = YES;
				CLANG_ANALYZER_NUMBER_OBJECT_CONVERSION = YES_AGGRESSIVE;
				CLANG_CXX_LANGUAGE_STANDARD = "gnu++0x";
				CLANG_CXX_LIBRARY = "libc++";
				CLANG_ENABLE_MODULES = YES;
				CLANG_ENABLE_OBJC_ARC = YES;
				CLANG_WARN_BOOL_CONVERSION = YES;
				CLANG_WARN_CONSTANT_CONVERSION = YES;
				CLANG_WARN_DIRECT_OBJC_ISA_USAGE = YES_ERROR;
				CLANG_WARN_DOCUMENTATION_COMMENTS = YES;
				CLANG_WARN_EMPTY_BODY = YES;
				CLANG_WARN_ENUM_CONVERSION = YES;
				CLANG_WARN_INFINITE_RECURSION = YES;
				CLANG_WARN_INT_CONVERSION = YES;
				CLANG_WARN_OBJC_ROOT_CLASS = YES_ERROR;
				CLANG_WARN_SUSPICIOUS_MOVE = YES;
				CLANG_WARN_UNREACHABLE_CODE = YES;
				CLANG_WARN__DUPLICATE_METHOD_MATCH = YES;
				CODE_SIGN_IDENTITY = "-";
				COPY_PHASE_STRIP = NO;
				DEBUG_INFORMATION_FORMAT = "dwarf-with-dsym";
				ENABLE_NS_ASSERTIONS = NO;
				ENABLE_STRICT_OBJC_MSGSEND = YES;
				GCC_C_LANGUAGE_STANDARD = gnu99;
				GCC_NO_COMMON_BLOCKS = YES;
				GCC_WARN_64_TO_32_BIT_CONVERSION = YES;
				GCC_WARN_ABOUT_RETURN_TYPE = YES_ERROR;
				GCC_WARN_UNDECLARED_SELECTOR = YES;
				GCC_WARN_UNINITIALIZED_AUTOS = YES_AGGRESSIVE;
				GCC_WARN_UNUSED_FUNCTION = YES;
				GCC_WARN_UNUSED_VARIABLE = YES;
				MACOSX_DEPLOYMENT_TARGET = 10.12;
				MTL_ENABLE_DEBUG_INFO = NO;
				SDKROOT = macosx;
				SWIFT_OPTIMIZATION_LEVEL = "-Owholemodule";
			};
			name = Release;
		};
		81D590221FF37B80008B4326 /* Debug */ = {
			isa = XCBuildConfiguration;
			baseConfigurationReference = 17104F9CDACC2AEB30A30A89 /* Pods-Koboshi.debug.xcconfig */;
			buildSettings = {
				ASSETCATALOG_COMPILER_APPICON_NAME = AppIcon;
				CODE_SIGN_IDENTITY = "Mac Developer";
				COMBINE_HIDPI_IMAGES = YES;
				DEVELOPMENT_TEAM = EUTL4NVSG3;
				INFOPLIST_FILE = Koboshi/Info.plist;
				LD_RUNPATH_SEARCH_PATHS = "$(inherited) @executable_path/../Frameworks";
				PRODUCT_BUNDLE_IDENTIFIER = com.annolab.Koboshi;
				PRODUCT_NAME = "$(TARGET_NAME)";
				PROVISIONING_PROFILE_SPECIFIER = "";
				STRIP_INSTALLED_PRODUCT = NO;
				SWIFT_VERSION = 3.0;
			};
			name = Debug;
		};
		81D590231FF37B80008B4326 /* Release */ = {
			isa = XCBuildConfiguration;
			baseConfigurationReference = B77CE25552A444E47D7C8099 /* Pods-Koboshi.release.xcconfig */;
			buildSettings = {
				ASSETCATALOG_COMPILER_APPICON_NAME = AppIcon;
				CODE_SIGN_IDENTITY = "Mac Developer";
				COMBINE_HIDPI_IMAGES = YES;
				DEVELOPMENT_TEAM = EUTL4NVSG3;
				INFOPLIST_FILE = Koboshi/Info.plist;
				LD_RUNPATH_SEARCH_PATHS = "$(inherited) @executable_path/../Frameworks";
				PRODUCT_BUNDLE_IDENTIFIER = com.annolab.Koboshi;
				PRODUCT_NAME = "$(TARGET_NAME)";
				PROVISIONING_PROFILE_SPECIFIER = "";
				STRIP_INSTALLED_PRODUCT = NO;
				SWIFT_VERSION = 3.0;
			};
			name = Release;
		};
/* End XCBuildConfiguration section */

/* Begin XCConfigurationList section */
		81D5900D1FF37B7F008B4326 /* Build configuration list for PBXProject "Koboshi" */ = {
			isa = XCConfigurationList;
			buildConfigurations = (
				81D5901F1FF37B80008B4326 /* Debug */,
				81D590201FF37B80008B4326 /* Release */,
			);
			defaultConfigurationIsVisible = 0;
			defaultConfigurationName = Release;
		};
		81D590211FF37B80008B4326 /* Build configuration list for PBXNativeTarget "Koboshi" */ = {
			isa = XCConfigurationList;
			buildConfigurations = (
				81D590221FF37B80008B4326 /* Debug */,
				81D590231FF37B80008B4326 /* Release */,
			);
			defaultConfigurationIsVisible = 0;
			defaultConfigurationName = Release;
		};
/* End XCConfigurationList section */
	};
	rootObject = 81D5900A1FF37B7F008B4326 /* Project object */;
}
